
Microsoft Visual Studio Solution File, Format Version 12.00
# Visual Studio Version 16
VisualStudioVersion = 16.0.29728.190
MinimumVisualStudioVersion = 10.0.40219.1
Project("{FAE04EC0-301F-11D3-BF4B-00C04F79EFBC}") = "Wba.Crawler", "Wba.Crawler\Wba.Crawler.csproj", "{DDCABB3E-AE9C-4B3B-BD5C-6FF17D9D8407}"
EndProject
Project("{FAE04EC0-301F-11D3-BF4B-00C04F79EFBC}") = "Wba.Crawler.Domain", "Wba.Crawler.Domain\Wba.Crawler.Domain.csproj", "{465D6D9E-3426-48F3-898E-AED0A3D14606}"
EndProject
Global
	GlobalSection(SolutionConfigurationPlatforms) = preSolution
		Debug|Any CPU = Debug|Any CPU
		Release|Any CPU = Release|Any CPU
	EndGlobalSection
	GlobalSection(ProjectConfigurationPlatforms) = postSolution
		{DDCABB3E-AE9C-4B3B-BD5C-6FF17D9D8407}.Debug|Any CPU.ActiveCfg = Debug|Any CPU
		{DDCABB3E-AE9C-4B3B-BD5C-6FF17D9D8407}.Debug|Any CPU.Build.0 = Debug|Any CPU
		{DDCABB3E-AE9C-4B3B-BD5C-6FF17D9D8407}.Release|Any CPU.ActiveCfg = Release|Any CPU
		{DDCABB3E-AE9C-4B3B-BD5C-6FF17D9D8407}.Release|Any CPU.Build.0 = Release|Any CPU
		{465D6D9E-3426-48F3-898E-AED0A3D14606}.Debug|Any CPU.ActiveCfg = Debug|Any CPU
		{465D6D9E-3426-48F3-898E-AED0A3D14606}.Debug|Any CPU.Build.0 = Debug|Any CPU
		{465D6D9E-3426-48F3-898E-AED0A3D14606}.Release|Any CPU.ActiveCfg = Release|Any CPU
		{465D6D9E-3426-48F3-898E-AED0A3D14606}.Release|Any CPU.Build.0 = Release|Any CPU
	EndGlobalSection
	GlobalSection(SolutionProperties) = preSolution
		HideSolutionNode = FALSE
	EndGlobalSection
	GlobalSection(ExtensibilityGlobals) = postSolution
		SolutionGuid = {37555375-312F-4894-A3E6-7746D243BD7F}
	EndGlobalSection
EndGlobal
